
Microsoft Visual Studio Solution File, Format Version 12.00
# Visual Studio Version 16
VisualStudioVersion = 16.0.32510.428
MinimumVisualStudioVersion = 10.0.40219.1
Project("{9A19103F-16F7-4668-BE54-9A1E7A4F7556}") = "Entities", "Entities\Entities.csproj", "{D912BBAB-9F87-4495-A6A8-73E9BA0F96C0}"
EndProject
Project("{9A19103F-16F7-4668-BE54-9A1E7A4F7556}") = "DataAccess", "DataAccess\DataAccess.csproj", "{AC0A0DFE-C8BE-4625-9D2A-0CF28475FBFE}"
EndProject
Project("{9A19103F-16F7-4668-BE54-9A1E7A4F7556}") = "Business", "Business\Business.csproj", "{EE3C2504-809D-48A2-BD8D-01155735A8E4}"
EndProject
Project("{9A19103F-16F7-4668-BE54-9A1E7A4F7556}") = "ConsoleUI", "ConsoleUI\ConsoleUI.csproj", "{37685F50-4488-4240-A06F-C55B7F935A75}"
EndProject
Project("{9A19103F-16F7-4668-BE54-9A1E7A4F7556}") = "Core", "Core\Core.csproj", "{46425BF8-F344-4355-8D76-F5412695AA7E}"
EndProject
Project("{FAE04EC0-301F-11D3-BF4B-00C04F79EFBC}") = "WebAPI", "WebAPI\WebAPI.csproj", "{EB4B9A2C-BA14-4A2D-AEC2-AE5E4E6593AE}"
EndProject
Global
	GlobalSection(SolutionConfigurationPlatforms) = preSolution
		Debug|Any CPU = Debug|Any CPU
		Release|Any CPU = Release|Any CPU
	EndGlobalSection
	GlobalSection(ProjectConfigurationPlatforms) = postSolution
		{D912BBAB-9F87-4495-A6A8-73E9BA0F96C0}.Debug|Any CPU.ActiveCfg = Debug|Any CPU
		{D912BBAB-9F87-4495-A6A8-73E9BA0F96C0}.Debug|Any CPU.Build.0 = Debug|Any CPU
		{D912BBAB-9F87-4495-A6A8-73E9BA0F96C0}.Release|Any CPU.ActiveCfg = Release|Any CPU
		{D912BBAB-9F87-4495-A6A8-73E9BA0F96C0}.Release|Any CPU.Build.0 = Release|Any CPU
		{AC0A0DFE-C8BE-4625-9D2A-0CF28475FBFE}.Debug|Any CPU.ActiveCfg = Debug|Any CPU
		{AC0A0DFE-C8BE-4625-9D2A-0CF28475FBFE}.Debug|Any CPU.Build.0 = Debug|Any CPU
		{AC0A0DFE-C8BE-4625-9D2A-0CF28475FBFE}.Release|Any CPU.ActiveCfg = Release|Any CPU
		{AC0A0DFE-C8BE-4625-9D2A-0CF28475FBFE}.Release|Any CPU.Build.0 = Release|Any CPU
		{EE3C2504-809D-48A2-BD8D-01155735A8E4}.Debug|Any CPU.ActiveCfg = Debug|Any CPU
		{EE3C2504-809D-48A2-BD8D-01155735A8E4}.Debug|Any CPU.Build.0 = Debug|Any CPU
		{EE3C2504-809D-48A2-BD8D-01155735A8E4}.Release|Any CPU.ActiveCfg = Release|Any CPU
		{EE3C2504-809D-48A2-BD8D-01155735A8E4}.Release|Any CPU.Build.0 = Release|Any CPU
		{37685F50-4488-4240-A06F-C55B7F935A75}.Debug|Any CPU.ActiveCfg = Debug|Any CPU
		{37685F50-4488-4240-A06F-C55B7F935A75}.Debug|Any CPU.Build.0 = Debug|Any CPU
		{37685F50-4488-4240-A06F-C55B7F935A75}.Release|Any CPU.ActiveCfg = Release|Any CPU
		{37685F50-4488-4240-A06F-C55B7F935A75}.Release|Any CPU.Build.0 = Release|Any CPU
		{46425BF8-F344-4355-8D76-F5412695AA7E}.Debug|Any CPU.ActiveCfg = Debug|Any CPU
		{46425BF8-F344-4355-8D76-F5412695AA7E}.Debug|Any CPU.Build.0 = Debug|Any CPU
		{46425BF8-F344-4355-8D76-F5412695AA7E}.Release|Any CPU.ActiveCfg = Release|Any CPU
		{46425BF8-F344-4355-8D76-F5412695AA7E}.Release|Any CPU.Build.0 = Release|Any CPU
		{EB4B9A2C-BA14-4A2D-AEC2-AE5E4E6593AE}.Debug|Any CPU.ActiveCfg = Debug|Any CPU
		{EB4B9A2C-BA14-4A2D-AEC2-AE5E4E6593AE}.Debug|Any CPU.Build.0 = Debug|Any CPU
		{EB4B9A2C-BA14-4A2D-AEC2-AE5E4E6593AE}.Release|Any CPU.ActiveCfg = Release|Any CPU
		{EB4B9A2C-BA14-4A2D-AEC2-AE5E4E6593AE}.Release|Any CPU.Build.0 = Release|Any CPU
	EndGlobalSection
	GlobalSection(SolutionProperties) = preSolution
		HideSolutionNode = FALSE
	EndGlobalSection
	GlobalSection(ExtensibilityGlobals) = postSolution
		SolutionGuid = {4BF16CB6-1D3A-4AE3-870D-4AA3FF4FA026}
	EndGlobalSection
EndGlobal
